
Microsoft Visual Studio Solution File, Format Version 12.00
# Visual Studio Version 17
VisualStudioVersion = 17.0.31903.59
MinimumVisualStudioVersion = 10.0.40219.1
Project("{FAE04EC0-301F-11D3-BF4B-00C04F79EFBC}") = "RightSize", "RightSize\RightSize.csproj", "{52298569-1E15-4795-94DA-4F20184D4F42}"
EndProject
Project("{FAE04EC0-301F-11D3-BF4B-00C04F79EFBC}") = "ChangeString", "ChangeString\ChangeString.csproj", "{1B31DDD9-6660-4E26-94FA-3430511EF747}"
EndProject
Project("{FAE04EC0-301F-11D3-BF4B-00C04F79EFBC}") = "ArrayMul", "ArrayMul\ArrayMul.csproj", "{4E29CFD7-CD49-4F2D-8E28-70FFA258AF92}"
EndProject
Project("{FAE04EC0-301F-11D3-BF4B-00C04F79EFBC}") = "HeroPerk", "HeroPerk\HeroPerk.csproj", "{1DF1686D-01C5-460C-8CA8-468AF3994AA4}"
EndProject
Project("{FAE04EC0-301F-11D3-BF4B-00C04F79EFBC}") = "Pow2Until", "Pow2Until\Pow2Until.csproj", "{AFD4CD8F-EAEE-4D1D-919E-5C7C930EE0AA}"
EndProject
Project("{FAE04EC0-301F-11D3-BF4B-00C04F79EFBC}") = "FamousQuotes", "FamousQuotes\FamousQuotes.csproj", "{BBB28425-8A5B-460B-9B26-D08D413F1E4A}"
EndProject
Project("{FAE04EC0-301F-11D3-BF4B-00C04F79EFBC}") = "RoPaSci", "RoPaSci\RoPaSci.csproj", "{E0E2B825-6062-4097-AFAD-C1736F3F0182}"
EndProject
Global
	GlobalSection(SolutionConfigurationPlatforms) = preSolution
		Debug|Any CPU = Debug|Any CPU
		Release|Any CPU = Release|Any CPU
	EndGlobalSection
	GlobalSection(SolutionProperties) = preSolution
		HideSolutionNode = FALSE
	EndGlobalSection
	GlobalSection(ProjectConfigurationPlatforms) = postSolution
		{52298569-1E15-4795-94DA-4F20184D4F42}.Debug|Any CPU.ActiveCfg = Debug|Any CPU
		{52298569-1E15-4795-94DA-4F20184D4F42}.Debug|Any CPU.Build.0 = Debug|Any CPU
		{52298569-1E15-4795-94DA-4F20184D4F42}.Release|Any CPU.ActiveCfg = Release|Any CPU
		{52298569-1E15-4795-94DA-4F20184D4F42}.Release|Any CPU.Build.0 = Release|Any CPU
		{1B31DDD9-6660-4E26-94FA-3430511EF747}.Debug|Any CPU.ActiveCfg = Debug|Any CPU
		{1B31DDD9-6660-4E26-94FA-3430511EF747}.Debug|Any CPU.Build.0 = Debug|Any CPU
		{1B31DDD9-6660-4E26-94FA-3430511EF747}.Release|Any CPU.ActiveCfg = Release|Any CPU
		{1B31DDD9-6660-4E26-94FA-3430511EF747}.Release|Any CPU.Build.0 = Release|Any CPU
		{4E29CFD7-CD49-4F2D-8E28-70FFA258AF92}.Debug|Any CPU.ActiveCfg = Debug|Any CPU
		{4E29CFD7-CD49-4F2D-8E28-70FFA258AF92}.Debug|Any CPU.Build.0 = Debug|Any CPU
		{4E29CFD7-CD49-4F2D-8E28-70FFA258AF92}.Release|Any CPU.ActiveCfg = Release|Any CPU
		{4E29CFD7-CD49-4F2D-8E28-70FFA258AF92}.Release|Any CPU.Build.0 = Release|Any CPU
		{1DF1686D-01C5-460C-8CA8-468AF3994AA4}.Debug|Any CPU.ActiveCfg = Debug|Any CPU
		{1DF1686D-01C5-460C-8CA8-468AF3994AA4}.Debug|Any CPU.Build.0 = Debug|Any CPU
		{1DF1686D-01C5-460C-8CA8-468AF3994AA4}.Release|Any CPU.ActiveCfg = Release|Any CPU
		{1DF1686D-01C5-460C-8CA8-468AF3994AA4}.Release|Any CPU.Build.0 = Release|Any CPU
		{AFD4CD8F-EAEE-4D1D-919E-5C7C930EE0AA}.Debug|Any CPU.ActiveCfg = Debug|Any CPU
		{AFD4CD8F-EAEE-4D1D-919E-5C7C930EE0AA}.Debug|Any CPU.Build.0 = Debug|Any CPU
		{AFD4CD8F-EAEE-4D1D-919E-5C7C930EE0AA}.Release|Any CPU.ActiveCfg = Release|Any CPU
		{AFD4CD8F-EAEE-4D1D-919E-5C7C930EE0AA}.Release|Any CPU.Build.0 = Release|Any CPU
		{BBB28425-8A5B-460B-9B26-D08D413F1E4A}.Debug|Any CPU.ActiveCfg = Debug|Any CPU
		{BBB28425-8A5B-460B-9B26-D08D413F1E4A}.Debug|Any CPU.Build.0 = Debug|Any CPU
		{BBB28425-8A5B-460B-9B26-D08D413F1E4A}.Release|Any CPU.ActiveCfg = Release|Any CPU
		{BBB28425-8A5B-460B-9B26-D08D413F1E4A}.Release|Any CPU.Build.0 = Release|Any CPU
		{E0E2B825-6062-4097-AFAD-C1736F3F0182}.Debug|Any CPU.ActiveCfg = Debug|Any CPU
		{E0E2B825-6062-4097-AFAD-C1736F3F0182}.Debug|Any CPU.Build.0 = Debug|Any CPU
		{E0E2B825-6062-4097-AFAD-C1736F3F0182}.Release|Any CPU.ActiveCfg = Release|Any CPU
		{E0E2B825-6062-4097-AFAD-C1736F3F0182}.Release|Any CPU.Build.0 = Release|Any CPU
	EndGlobalSection
EndGlobal
